# This file is automatically @generated by Cargo.
# It is not intended for manual editing.
version = 4

[[package]]
name = "klions-ast"
version = "0.1.0"
dependencies = [
 "klions-diagnostics",
]

[[package]]
name = "klions-autodiff"
version = "0.1.0"
dependencies = [
 "klions-diagnostics",
 "klions-tensor",
]

[[package]]
name = "klions-cli"
version = "0.1.0"
dependencies = [
 "klions-diagnostics",
 "klions-frontend",
 "klions-lexer",
 "klions-platform",
 "klions-runtime",
 "klions-tensor",
]

[[package]]
name = "klions-diagnostics"
version = "0.1.0"

[[package]]
name = "klions-frontend"
version = "0.1.0"
dependencies = [
 "klions-ast",
 "klions-diagnostics",
 "klions-lexer",
 "klions-parser",
 "klions-types",
]

[[package]]
name = "klions-lexer"
version = "0.1.0"
dependencies = [
 "klions-diagnostics",
]

[[package]]
name = "klions-lsp"
version = "0.1.0"
dependencies = [
 "klions-ast",
 "klions-diagnostics",
 "klions-frontend",
 "klions-lexer",
 "klions-types",
]

[[package]]
name = "klions-nn"
version = "0.1.0"
dependencies = [
 "klions-autodiff",
 "klions-diagnostics",
 "klions-tensor",
]

[[package]]
name = "klions-parser"
version = "0.1.0"
dependencies = [
 "klions-ast",
 "klions-diagnostics",
 "klions-lexer",
]

[[package]]
name = "klions-platform"
version = "0.1.0"

[[package]]
name = "klions-runtime"
version = "0.1.0"
dependencies = [
 "klions-ast",
 "klions-autodiff",
 "klions-diagnostics",
 "klions-frontend",
 "klions-nn",
 "klions-platform",
 "klions-tensor",
 "klions-types",
]

[[package]]
name = "klions-tensor"
version = "0.1.0"
dependencies = [
 "klions-diagnostics",
]

[[package]]
name = "klions-types"
version = "0.1.0"
dependencies = [
 "klions-ast",
 "klions-diagnostics",
 "klions-lexer",
 "klions-parser",
]
